// !$*UTF8*$!
{
	archiveVersion = 1;
	classes = {
	};
	objectVersion = 50;
	objects = {

/* Begin PBXBuildFile section */
		1623C5F222317372000C4E63 /* AppDelegate.swift in Sources */ = {isa = PBXBuildFile; fileRef = 1623C5F122317372000C4E63 /* AppDelegate.swift */; };
		1623C5F422317372000C4E63 /* ViewController.swift in Sources */ = {isa = PBXBuildFile; fileRef = 1623C5F322317372000C4E63 /* ViewController.swift */; };
		1623C5F722317372000C4E63 /* Main.storyboard in Resources */ = {isa = PBXBuildFile; fileRef = 1623C5F522317372000C4E63 /* Main.storyboard */; };
		1623C5F922317373000C4E63 /* Assets.xcassets in Resources */ = {isa = PBXBuildFile; fileRef = 1623C5F822317373000C4E63 /* Assets.xcassets */; };
		1623C5FC22317373000C4E63 /* LaunchScreen.storyboard in Resources */ = {isa = PBXBuildFile; fileRef = 1623C5FA22317373000C4E63 /* LaunchScreen.storyboard */; };
		1623C62E22324175000C4E63 /* Community.storyboard in Resources */ = {isa = PBXBuildFile; fileRef = 1623C62D22324175000C4E63 /* Community.storyboard */; };
		1623C63022324191000C4E63 /* Sport.storyboard in Resources */ = {isa = PBXBuildFile; fileRef = 1623C62F22324191000C4E63 /* Sport.storyboard */; };
		1623C63222324199000C4E63 /* Watch.storyboard in Resources */ = {isa = PBXBuildFile; fileRef = 1623C63122324199000C4E63 /* Watch.storyboard */; };
		1623C634223241A0000C4E63 /* Plan.storyboard in Resources */ = {isa = PBXBuildFile; fileRef = 1623C633223241A0000C4E63 /* Plan.storyboard */; };
		1623C636223241AB000C4E63 /* User.storyboard in Resources */ = {isa = PBXBuildFile; fileRef = 1623C635223241AB000C4E63 /* User.storyboard */; };
		87E673D122325E930056C257 /* CoreData.xcdatamodeld in Sources */ = {isa = PBXBuildFile; fileRef = 87E673CF22325E930056C257 /* CoreData.xcdatamodeld */; };
		87E673D422325F580056C257 /* Plan+CoreDataClass.swift in Sources */ = {isa = PBXBuildFile; fileRef = 87E673D222325F580056C257 /* Plan+CoreDataClass.swift */; };
		87E673D522325F580056C257 /* Plan+CoreDataProperties.swift in Sources */ = {isa = PBXBuildFile; fileRef = 87E673D322325F580056C257 /* Plan+CoreDataProperties.swift */; };
/* End PBXBuildFile section */

/* Begin PBXFileReference section */
		1623C5EE22317372000C4E63 /* RunCommunity.app */ = {isa = PBXFileReference; explicitFileType = wrapper.application; includeInIndex = 0; path = RunCommunity.app; sourceTree = BUILT_PRODUCTS_DIR; };
		1623C5F122317372000C4E63 /* AppDelegate.swift */ = {isa = PBXFileReference; lastKnownFileType = sourcecode.swift; path = AppDelegate.swift; sourceTree = "<group>"; };
		1623C5F322317372000C4E63 /* ViewController.swift */ = {isa = PBXFileReference; lastKnownFileType = sourcecode.swift; path = ViewController.swift; sourceTree = "<group>"; };
		1623C5F622317372000C4E63 /* Base */ = {isa = PBXFileReference; lastKnownFileType = file.storyboard; name = Base; path = Base.lproj/Main.storyboard; sourceTree = "<group>"; };
		1623C5F822317373000C4E63 /* Assets.xcassets */ = {isa = PBXFileReference; lastKnownFileType = folder.assetcatalog; path = Assets.xcassets; sourceTree = "<group>"; };
		1623C5FB22317373000C4E63 /* Base */ = {isa = PBXFileReference; lastKnownFileType = file.storyboard; name = Base; path = Base.lproj/LaunchScreen.storyboard; sourceTree = "<group>"; };
		1623C5FD22317373000C4E63 /* Info.plist */ = {isa = PBXFileReference; lastKnownFileType = text.plist.xml; path = Info.plist; sourceTree = "<group>"; };
		1623C62D22324175000C4E63 /* Community.storyboard */ = {isa = PBXFileReference; lastKnownFileType = file.storyboard; path = Community.storyboard; sourceTree = "<group>"; };
		1623C62F22324191000C4E63 /* Sport.storyboard */ = {isa = PBXFileReference; lastKnownFileType = file.storyboard; path = Sport.storyboard; sourceTree = "<group>"; };
		1623C63122324199000C4E63 /* Watch.storyboard */ = {isa = PBXFileReference; lastKnownFileType = file.storyboard; path = Watch.storyboard; sourceTree = "<group>"; };
		1623C633223241A0000C4E63 /* Plan.storyboard */ = {isa = PBXFileReference; lastKnownFileType = file.storyboard; path = Plan.storyboard; sourceTree = "<group>"; };
		1623C635223241AB000C4E63 /* User.storyboard */ = {isa = PBXFileReference; lastKnownFileType = file.storyboard; path = User.storyboard; sourceTree = "<group>"; };
		87E673D022325E930056C257 /* CoreData.xcdatamodel */ = {isa = PBXFileReference; lastKnownFileType = wrapper.xcdatamodel; path = CoreData.xcdatamodel; sourceTree = "<group>"; };
		87E673D222325F580056C257 /* Plan+CoreDataClass.swift */ = {isa = PBXFileReference; lastKnownFileType = sourcecode.swift; path = "Plan+CoreDataClass.swift"; sourceTree = "<group>"; };
		87E673D322325F580056C257 /* Plan+CoreDataProperties.swift */ = {isa = PBXFileReference; lastKnownFileType = sourcecode.swift; path = "Plan+CoreDataProperties.swift"; sourceTree = "<group>"; };
/* End PBXFileReference section */

/* Begin PBXFrameworksBuildPhase section */
		1623C5EB22317372000C4E63 /* Frameworks */ = {
			isa = PBXFrameworksBuildPhase;
			buildActionMask = 2147483647;
			files = (
			);
			runOnlyForDeploymentPostprocessing = 0;
		};
/* End PBXFrameworksBuildPhase section */

/* Begin PBXGroup section */
		1623C5E522317371000C4E63 = {
			isa = PBXGroup;
			children = (
				1623C5F022317372000C4E63 /* RunCommunity */,
				1623C5EF22317372000C4E63 /* Products */,
			);
			sourceTree = "<group>";
		};
		1623C5EF22317372000C4E63 /* Products */ = {
			isa = PBXGroup;
			children = (
				1623C5EE22317372000C4E63 /* RunCommunity.app */,
			);
			name = Products;
			sourceTree = "<group>";
		};
		1623C5F022317372000C4E63 /* RunCommunity */ = {
			isa = PBXGroup;
			children = (
				87E673D222325F580056C257 /* Plan+CoreDataClass.swift */,
				87E673D322325F580056C257 /* Plan+CoreDataProperties.swift */,
				1623C5F122317372000C4E63 /* AppDelegate.swift */,
				1623C5F322317372000C4E63 /* ViewController.swift */,
				1623C5F522317372000C4E63 /* Main.storyboard */,
				1623C62D22324175000C4E63 /* Community.storyboard */,
				1623C62F22324191000C4E63 /* Sport.storyboard */,
				1623C63122324199000C4E63 /* Watch.storyboard */,
				1623C633223241A0000C4E63 /* Plan.storyboard */,
				1623C635223241AB000C4E63 /* User.storyboard */,
				1623C5F822317373000C4E63 /* Assets.xcassets */,
				1623C5FA22317373000C4E63 /* LaunchScreen.storyboard */,
				1623C5FD22317373000C4E63 /* Info.plist */,
				87E673CF22325E930056C257 /* CoreData.xcdatamodeld */,
			);
			path = RunCommunity;
			sourceTree = "<group>";
		};
/* End PBXGroup section */

/* Begin PBXNativeTarget section */
		1623C5ED22317372000C4E63 /* RunCommunity */ = {
			isa = PBXNativeTarget;
			buildConfigurationList = 1623C60022317373000C4E63 /* Build configuration list for PBXNativeTarget "RunCommunity" */;
			buildPhases = (
				1623C5EA22317372000C4E63 /* Sources */,
				1623C5EB22317372000C4E63 /* Frameworks */,
				1623C5EC22317372000C4E63 /* Resources */,
			);
			buildRules = (
			);
			dependencies = (
			);
			name = RunCommunity;
			productName = RunCommunity;
			productReference = 1623C5EE22317372000C4E63 /* RunCommunity.app */;
			productType = "com.apple.product-type.application";
		};
/* End PBXNativeTarget section */

/* Begin PBXProject section */
		1623C5E622317371000C4E63 /* Project object */ = {
			isa = PBXProject;
			attributes = {
				LastSwiftUpdateCheck = 1010;
				LastUpgradeCheck = 1010;
				ORGANIZATIONNAME = PIG;
				TargetAttributes = {
					1623C5ED22317372000C4E63 = {
						CreatedOnToolsVersion = 10.1;
					};
				};
			};
			buildConfigurationList = 1623C5E922317371000C4E63 /* Build configuration list for PBXProject "RunCommunity" */;
			compatibilityVersion = "Xcode 9.3";
			developmentRegion = en;
			hasScannedForEncodings = 0;
			knownRegions = (
				en,
				Base,
			);
			mainGroup = 1623C5E522317371000C4E63;
			productRefGroup = 1623C5EF22317372000C4E63 /* Products */;
			projectDirPath = "";
			projectRoot = "";
			targets = (
				1623C5ED22317372000C4E63 /* RunCommunity */,
			);
		};
/* End PBXProject section */

/* Begin PBXResourcesBuildPhase section */
		1623C5EC22317372000C4E63 /* Resources */ = {
			isa = PBXResourcesBuildPhase;
			buildActionMask = 2147483647;
			files = (
				1623C63022324191000C4E63 /* Sport.storyboard in Resources */,
				1623C62E22324175000C4E63 /* Community.storyboard in Resources */,
				1623C634223241A0000C4E63 /* Plan.storyboard in Resources */,
				1623C63222324199000C4E63 /* Watch.storyboard in Resources */,
				1623C5FC22317373000C4E63 /* LaunchScreen.storyboard in Resources */,
				1623C636223241AB000C4E63 /* User.storyboard in Resources */,
				1623C5F922317373000C4E63 /* Assets.xcassets in Resources */,
				1623C5F722317372000C4E63 /* Main.storyboard in Resources */,
			);
			runOnlyForDeploymentPostprocessing = 0;
		};
/* End PBXResourcesBuildPhase section */

/* Begin PBXSourcesBuildPhase section */
		1623C5EA22317372000C4E63 /* Sources */ = {
			isa = PBXSourcesBuildPhase;
			buildActionMask = 2147483647;
			files = (
				1623C5F422317372000C4E63 /* ViewController.swift in Sources */,
				1623C5F222317372000C4E63 /* AppDelegate.swift in Sources */,
				87E673D422325F580056C257 /* Plan+CoreDataClass.swift in Sources */,
				87E673D122325E930056C257 /* CoreData.xcdatamodeld in Sources */,
				87E673D522325F580056C257 /* Plan+CoreDataProperties.swift in Sources */,
			);
			runOnlyForDeploymentPostprocessing = 0;
		};
/* End PBXSourcesBuildPhase section */

/* Begin PBXVariantGroup section */
		1623C5F522317372000C4E63 /* Main.storyboard */ = {
			isa = PBXVariantGroup;
			children = (
				1623C5F622317372000C4E63 /* Base */,
			);
			name = Main.storyboard;
			sourceTree = "<group>";
		};
		1623C5FA22317373000C4E63 /* LaunchScreen.storyboard */ = {
			isa = PBXVariantGroup;
			children = (
				1623C5FB22317373000C4E63 /* Base */,
			);
			name = LaunchScreen.storyboard;
			sourceTree = "<group>";
		};
/* End PBXVariantGroup section */

/* Begin XCBuildConfiguration section */
		1623C5FE22317373000C4E63 /* Debug */ = {
			isa = XCBuildConfiguration;
			buildSettings = {
				ALWAYS_SEARCH_USER_PATHS = NO;
				CLANG_ANALYZER_NONNULL = YES;
				CLANG_ANALYZER_NUMBER_OBJECT_CONVERSION = YES_AGGRESSIVE;
				CLANG_CXX_LANGUAGE_STANDARD = "gnu++14";
				CLANG_CXX_LIBRARY = "libc++";
				CLANG_ENABLE_MODULES = YES;
				CLANG_ENABLE_OBJC_ARC = YES;
				CLANG_ENABLE_OBJC_WEAK = YES;
				CLANG_WARN_BLOCK_CAPTURE_AUTORELEASING = YES;
				CLANG_WARN_BOOL_CONVERSION = YES;
				CLANG_WARN_COMMA = YES;
				CLANG_WARN_CONSTANT_CONVERSION = YES;
				CLANG_WARN_DEPRECATED_OBJC_IMPLEMENTATIONS = YES;
				CLANG_WARN_DIRECT_OBJC_ISA_USAGE = YES_ERROR;
				CLANG_WARN_DOCUMENTATION_COMMENTS = YES;
				CLANG_WARN_EMPTY_BODY = YES;
				CLANG_WARN_ENUM_CONVERSION = YES;
				CLANG_WARN_INFINITE_RECURSION = YES;
				CLANG_WARN_INT_CONVERSION = YES;
				CLANG_WARN_NON_LITERAL_NULL_CONVERSION = YES;
				CLANG_WARN_OBJC_IMPLICIT_RETAIN_SELF = YES;
				CLANG_WARN_OBJC_LITERAL_CONVERSION = YES;
				CLANG_WARN_OBJC_ROOT_CLASS = YES_ERROR;
				CLANG_WARN_RANGE_LOOP_ANALYSIS = YES;
				CLANG_WARN_STRICT_PROTOTYPES = YES;
				CLANG_WARN_SUSPICIOUS_MOVE = YES;
				CLANG_WARN_UNGUARDED_AVAILABILITY = YES_AGGRESSIVE;
				CLANG_WARN_UNREACHABLE_CODE = YES;
				CLANG_WARN__DUPLICATE_METHOD_MATCH = YES;
				CODE_SIGN_IDENTITY = "iPhone Developer";
				COPY_PHASE_STRIP = NO;
				DEBUG_INFORMATION_FORMAT = dwarf;
				ENABLE_STRICT_OBJC_MSGSEND = YES;
				ENABLE_TESTABILITY = YES;
				GCC_C_LANGUAGE_STANDARD = gnu11;
				GCC_DYNAMIC_NO_PIC = NO;
				GCC_NO_COMMON_BLOCKS = YES;
				GCC_OPTIMIZATION_LEVEL = 0;
				GCC_PREPROCESSOR_DEFINITIONS = (
					"DEBUG=1",
					"$(inherited)",
				);
				GCC_WARN_64_TO_32_BIT_CONVERSION = YES;
				GCC_WARN_ABOUT_RETURN_TYPE = YES_ERROR;
				GCC_WARN_UNDECLARED_SELECTOR = YES;
				GCC_WARN_UNINITIALIZED_AUTOS = YES_AGGRESSIVE;
				GCC_WARN_UNUSED_FUNCTION = YES;
				GCC_WARN_UNUSED_VARIABLE = YES;
				IPHONEOS_DEPLOYMENT_TARGET = 12.1;
				MTL_ENABLE_DEBUG_INFO = INCLUDE_SOURCE;
				MTL_FAST_MATH = YES;
				ONLY_ACTIVE_ARCH = YES;
				SDKROOT = iphoneos;
				SWIFT_ACTIVE_COMPILATION_CONDITIONS = DEBUG;
				SWIFT_OPTIMIZATION_LEVEL = "-Onone";
			};
			name = Debug;
		};
		1623C5FF22317373000C4E63 /* Release */ = {
			isa = XCBuildConfiguration;
			buildSettings = {
				ALWAYS_SEARCH_USER_PATHS = NO;
				CLANG_ANALYZER_NONNULL = YES;
				CLANG_ANALYZER_NUMBER_OBJECT_CONVERSION = YES_AGGRESSIVE;
				CLANG_CXX_LANGUAGE_STANDARD = "gnu++14";
				CLANG_CXX_LIBRARY = "libc++";
				CLANG_ENABLE_MODULES = YES;
				CLANG_ENABLE_OBJC_ARC = YES;
				CLANG_ENABLE_OBJC_WEAK = YES;
				CLANG_WARN_BLOCK_CAPTURE_AUTORELEASING = YES;
				CLANG_WARN_BOOL_CONVERSION = YES;
				CLANG_WARN_COMMA = YES;
				CLANG_WARN_CONSTANT_CONVERSION = YES;
				CLANG_WARN_DEPRECATED_OBJC_IMPLEMENTATIONS = YES;
				CLANG_WARN_DIRECT_OBJC_ISA_USAGE = YES_ERROR;
				CLANG_WARN_DOCUMENTATION_COMMENTS = YES;
				CLANG_WARN_EMPTY_BODY = YES;
				CLANG_WARN_ENUM_CONVERSION = YES;
				CLANG_WARN_INFINITE_RECURSION = YES;
				CLANG_WARN_INT_CONVERSION = YES;
				CLANG_WARN_NON_LITERAL_NULL_CONVERSION = YES;
				CLANG_WARN_OBJC_IMPLICIT_RETAIN_SELF = YES;
				CLANG_WARN_OBJC_LITERAL_CONVERSION = YES;
				CLANG_WARN_OBJC_ROOT_CLASS = YES_ERROR;
				CLANG_WARN_RANGE_LOOP_ANALYSIS = YES;
				CLANG_WARN_STRICT_PROTOTYPES = YES;
				CLANG_WARN_SUSPICIOUS_MOVE = YES;
				CLANG_WARN_UNGUARDED_AVAILABILITY = YES_AGGRESSIVE;
				CLANG_WARN_UNREACHABLE_CODE = YES;
				CLANG_WARN__DUPLICATE_METHOD_MATCH = YES;
				CODE_SIGN_IDENTITY = "iPhone Developer";
				COPY_PHASE_STRIP = NO;
				DEBUG_INFORMATION_FORMAT = "dwarf-with-dsym";
				ENABLE_NS_ASSERTIONS = NO;
				ENABLE_STRICT_OBJC_MSGSEND = YES;
				GCC_C_LANGUAGE_STANDARD = gnu11;
				GCC_NO_COMMON_BLOCKS = YES;
				GCC_WARN_64_TO_32_BIT_CONVERSION = YES;
				GCC_WARN_ABOUT_RETURN_TYPE = YES_ERROR;
				GCC_WARN_UNDECLARED_SELECTOR = YES;
				GCC_WARN_UNINITIALIZED_AUTOS = YES_AGGRESSIVE;
				GCC_WARN_UNUSED_FUNCTION = YES;
				GCC_WARN_UNUSED_VARIABLE = YES;
				IPHONEOS_DEPLOYMENT_TARGET = 12.1;
				MTL_ENABLE_DEBUG_INFO = NO;
				MTL_FAST_MATH = YES;
				SDKROOT = iphoneos;
				SWIFT_COMPILATION_MODE = wholemodule;
				SWIFT_OPTIMIZATION_LEVEL = "-O";
				VALIDATE_PRODUCT = YES;
			};
			name = Release;
		};
		1623C60122317373000C4E63 /* Debug */ = {
			isa = XCBuildConfiguration;
			buildSettings = {
				ASSETCATALOG_COMPILER_APPICON_NAME = AppIcon;
				CODE_SIGN_STYLE = Automatic;
				INFOPLIST_FILE = RunCommunity/Info.plist;
				LD_RUNPATH_SEARCH_PATHS = (
					"$(inherited)",
					"@executable_path/Frameworks",
				);
				PRODUCT_BUNDLE_IDENTIFIER = PIG.RunCommunity;
				PRODUCT_NAME = "$(TARGET_NAME)";
				SWIFT_VERSION = 4.2;
				TARGETED_DEVICE_FAMILY = "1,2";
			};
			name = Debug;
		};
		1623C60222317373000C4E63 /* Release */ = {
			isa = XCBuildConfiguration;
			buildSettings = {
				ASSETCATALOG_COMPILER_APPICON_NAME = AppIcon;
				CODE_SIGN_STYLE = Automatic;
				INFOPLIST_FILE = RunCommunity/Info.plist;
				LD_RUNPATH_SEARCH_PATHS = (
					"$(inherited)",
					"@executable_path/Frameworks",
				);
				PRODUCT_BUNDLE_IDENTIFIER = PIG.RunCommunity;
				PRODUCT_NAME = "$(TARGET_NAME)";
				SWIFT_VERSION = 4.2;
				TARGETED_DEVICE_FAMILY = "1,2";
			};
			name = Release;
		};
/* End XCBuildConfiguration section */

/* Begin XCConfigurationList section */
		1623C5E922317371000C4E63 /* Build configuration list for PBXProject "RunCommunity" */ = {
			isa = XCConfigurationList;
			buildConfigurations = (
				1623C5FE22317373000C4E63 /* Debug */,
				1623C5FF22317373000C4E63 /* Release */,
			);
			defaultConfigurationIsVisible = 0;
			defaultConfigurationName = Release;
		};
		1623C60022317373000C4E63 /* Build configuration list for PBXNativeTarget "RunCommunity" */ = {
			isa = XCConfigurationList;
			buildConfigurations = (
				1623C60122317373000C4E63 /* Debug */,
				1623C60222317373000C4E63 /* Release */,
			);
			defaultConfigurationIsVisible = 0;
			defaultConfigurationName = Release;
		};
/* End XCConfigurationList section */

/* Begin XCVersionGroup section */
		87E673CF22325E930056C257 /* CoreData.xcdatamodeld */ = {
			isa = XCVersionGroup;
			children = (
				87E673D022325E930056C257 /* CoreData.xcdatamodel */,
			);
			currentVersion = 87E673D022325E930056C257 /* CoreData.xcdatamodel */;
			path = CoreData.xcdatamodeld;
			sourceTree = "<group>";
			versionGroupType = wrapper.xcdatamodel;
		};
/* End XCVersionGroup section */
	};
	rootObject = 1623C5E622317371000C4E63 /* Project object */;
}
